
Microsoft Visual Studio Solution File, Format Version 12.00
# Visual Studio Version 16
VisualStudioVersion = 16.0.29920.165
MinimumVisualStudioVersion = 10.0.40219.1
Project("{8BC9CEB8-8B4A-11D0-8D11-00A0C91BC942}") = "DBInt", "db-interface.vcxproj", "{69977711-0B66-4689-8395-134B2E5E236F}"
EndProject
Global
	GlobalSection(SolutionConfigurationPlatforms) = preSolution
		Debug|x64 = Debug|x64
		Debug|x86 = Debug|x86
		Release For Me|x64 = Release For Me|x64
		Release For Me|x86 = Release For Me|x86
		Release|x64 = Release|x64
		Release|x86 = Release|x86
		ReleaseForMe|x64 = ReleaseForMe|x64
		ReleaseForMe|x86 = ReleaseForMe|x86
	EndGlobalSection
	GlobalSection(ProjectConfigurationPlatforms) = postSolution
		{69977711-0B66-4689-8395-134B2E5E236F}.Debug|x64.ActiveCfg = Debug|x64
		{69977711-0B66-4689-8395-134B2E5E236F}.Debug|x64.Build.0 = Debug|x64
		{69977711-0B66-4689-8395-134B2E5E236F}.Debug|x86.ActiveCfg = Debug|Win32
		{69977711-0B66-4689-8395-134B2E5E236F}.Debug|x86.Build.0 = Debug|Win32
		{69977711-0B66-4689-8395-134B2E5E236F}.Release For Me|x64.ActiveCfg = Release For Me|x64
		{69977711-0B66-4689-8395-134B2E5E236F}.Release For Me|x64.Build.0 = Release For Me|x64
		{69977711-0B66-4689-8395-134B2E5E236F}.Release For Me|x86.ActiveCfg = Release For Me|Win32
		{69977711-0B66-4689-8395-134B2E5E236F}.Release For Me|x86.Build.0 = Release For Me|Win32
		{69977711-0B66-4689-8395-134B2E5E236F}.Release|x64.ActiveCfg = Release|x64
		{69977711-0B66-4689-8395-134B2E5E236F}.Release|x64.Build.0 = Release|x64
		{69977711-0B66-4689-8395-134B2E5E236F}.Release|x86.ActiveCfg = Release|Win32
		{69977711-0B66-4689-8395-134B2E5E236F}.Release|x86.Build.0 = Release|Win32
		{69977711-0B66-4689-8395-134B2E5E236F}.ReleaseForMe|x64.ActiveCfg = ReleaseForMe|x64
		{69977711-0B66-4689-8395-134B2E5E236F}.ReleaseForMe|x64.Build.0 = ReleaseForMe|x64
		{69977711-0B66-4689-8395-134B2E5E236F}.ReleaseForMe|x86.ActiveCfg = ReleaseForMe|Win32
		{69977711-0B66-4689-8395-134B2E5E236F}.ReleaseForMe|x86.Build.0 = ReleaseForMe|Win32
	EndGlobalSection
	GlobalSection(SolutionProperties) = preSolution
		HideSolutionNode = FALSE
	EndGlobalSection
	GlobalSection(ExtensibilityGlobals) = postSolution
		SolutionGuid = {A258F965-DF31-45D5-BE27-7817835F9063}
	EndGlobalSection
EndGlobal
